
Microsoft Visual Studio Solution File, Format Version 12.00
# Visual Studio Version 17
VisualStudioVersion = 17.14.36414.22 d17.14
MinimumVisualStudioVersion = 10.0.40219.1
Project("{FAE04EC0-301F-11D3-BF4B-00C04F79EFBC}") = "ConsoleApp 4.10.2025", "ConsoleApp 4.10.2025\ConsoleApp 4.10.2025.csproj", "{4D7D13CD-FDB3-4088-AF6A-C3ABC4ED201B}"
EndProject
Global
	GlobalSection(SolutionConfigurationPlatforms) = preSolution
		Debug|Any CPU = Debug|Any CPU
		Release|Any CPU = Release|Any CPU
	EndGlobalSection
	GlobalSection(ProjectConfigurationPlatforms) = postSolution
		{4D7D13CD-FDB3-4088-AF6A-C3ABC4ED201B}.Debug|Any CPU.ActiveCfg = Debug|Any CPU
		{4D7D13CD-FDB3-4088-AF6A-C3ABC4ED201B}.Debug|Any CPU.Build.0 = Debug|Any CPU
		{4D7D13CD-FDB3-4088-AF6A-C3ABC4ED201B}.Release|Any CPU.ActiveCfg = Release|Any CPU
		{4D7D13CD-FDB3-4088-AF6A-C3ABC4ED201B}.Release|Any CPU.Build.0 = Release|Any CPU
	EndGlobalSection
	GlobalSection(SolutionProperties) = preSolution
		HideSolutionNode = FALSE
	EndGlobalSection
	GlobalSection(ExtensibilityGlobals) = postSolution
		SolutionGuid = {9F540D95-E209-4CB2-ADD5-A17F86A53A58}
	EndGlobalSection
EndGlobal
